
Microsoft Visual Studio Solution File, Format Version 12.00
# Visual Studio Version 16
VisualStudioVersion = 16.0.28803.156
MinimumVisualStudioVersion = 10.0.40219.1
Project("{FAE04EC0-301F-11D3-BF4B-00C04F79EFBC}") = "DAL", "DAL\DAL.csproj", "{180CFA9D-1DD5-4789-900B-A3A8DB5E2678}"
EndProject
Project("{FAE04EC0-301F-11D3-BF4B-00C04F79EFBC}") = "BLL", "BLL\BLL.csproj", "{6781FCB3-7CE7-467A-9272-FAB8A7743576}"
EndProject
Project("{FAE04EC0-301F-11D3-BF4B-00C04F79EFBC}") = "WebApi", "WebApi\WebApi.csproj", "{278EEE2C-851B-45F3-BAF6-AA6A1D6CB1AC}"
EndProject
Global
	GlobalSection(SolutionConfigurationPlatforms) = preSolution
		Debug|Any CPU = Debug|Any CPU
		Release|Any CPU = Release|Any CPU
	EndGlobalSection
	GlobalSection(ProjectConfigurationPlatforms) = postSolution
		{180CFA9D-1DD5-4789-900B-A3A8DB5E2678}.Debug|Any CPU.ActiveCfg = Debug|Any CPU
		{180CFA9D-1DD5-4789-900B-A3A8DB5E2678}.Debug|Any CPU.Build.0 = Debug|Any CPU
		{180CFA9D-1DD5-4789-900B-A3A8DB5E2678}.Release|Any CPU.ActiveCfg = Release|Any CPU
		{180CFA9D-1DD5-4789-900B-A3A8DB5E2678}.Release|Any CPU.Build.0 = Release|Any CPU
		{6781FCB3-7CE7-467A-9272-FAB8A7743576}.Debug|Any CPU.ActiveCfg = Debug|Any CPU
		{6781FCB3-7CE7-467A-9272-FAB8A7743576}.Debug|Any CPU.Build.0 = Debug|Any CPU
		{6781FCB3-7CE7-467A-9272-FAB8A7743576}.Release|Any CPU.ActiveCfg = Release|Any CPU
		{6781FCB3-7CE7-467A-9272-FAB8A7743576}.Release|Any CPU.Build.0 = Release|Any CPU
		{278EEE2C-851B-45F3-BAF6-AA6A1D6CB1AC}.Debug|Any CPU.ActiveCfg = Debug|Any CPU
		{278EEE2C-851B-45F3-BAF6-AA6A1D6CB1AC}.Debug|Any CPU.Build.0 = Debug|Any CPU
		{278EEE2C-851B-45F3-BAF6-AA6A1D6CB1AC}.Release|Any CPU.ActiveCfg = Release|Any CPU
		{278EEE2C-851B-45F3-BAF6-AA6A1D6CB1AC}.Release|Any CPU.Build.0 = Release|Any CPU
	EndGlobalSection
	GlobalSection(SolutionProperties) = preSolution
		HideSolutionNode = FALSE
	EndGlobalSection
	GlobalSection(ExtensibilityGlobals) = postSolution
		SolutionGuid = {09D1FD83-929A-4230-A532-4100CA1DC306}
	EndGlobalSection
EndGlobal
